
Microsoft Visual Studio Solution File, Format Version 12.00
# Visual Studio Version 16
VisualStudioVersion = 16.0.31515.178
MinimumVisualStudioVersion = 10.0.40219.1
Project("{FAE04EC0-301F-11D3-BF4B-00C04F79EFBC}") = "ChurchApp", "SchoolManagementSystem\ChurchApp.csproj", "{51179439-54DF-41A3-834C-7C786DD7A482}"
EndProject
Global
	GlobalSection(SolutionConfigurationPlatforms) = preSolution
		Debug|Any CPU = Debug|Any CPU
		Release|Any CPU = Release|Any CPU
	EndGlobalSection
	GlobalSection(ProjectConfigurationPlatforms) = postSolution
		{51179439-54DF-41A3-834C-7C786DD7A482}.Debug|Any CPU.ActiveCfg = Debug|Any CPU
		{51179439-54DF-41A3-834C-7C786DD7A482}.Debug|Any CPU.Build.0 = Debug|Any CPU
		{51179439-54DF-41A3-834C-7C786DD7A482}.Release|Any CPU.ActiveCfg = Release|Any CPU
		{51179439-54DF-41A3-834C-7C786DD7A482}.Release|Any CPU.Build.0 = Release|Any CPU
	EndGlobalSection
	GlobalSection(SolutionProperties) = preSolution
		HideSolutionNode = FALSE
	EndGlobalSection
	GlobalSection(ExtensibilityGlobals) = postSolution
		SolutionGuid = {72C5D4A9-D60C-404D-A088-9718A31E4D38}
	EndGlobalSection
EndGlobal
